{
  "version": 4,
  "terraform_version": "1.3.4",
  "serial": 7,
  "lineage": "c7ea7d72-570e-e86d-b6e7-acda1d59d9a0",
  "outputs": {},
  "resources": [
    {
      "mode": "managed",
      "type": "azurerm_resource_group",
      "name": "aks-rg",
      "provider": "provider[\"registry.terraform.io/hashicorp/azurerm\"]",
      "instances": [
        {
          "schema_version": 0,
          "attributes": {
            "id": "/subscriptions/128a1975-64db-4166-8d75-3c63956e695c/resourceGroups/aks-rg-tf",
            "location": "centralus",
            "name": "aks-rg-tf",
            "tags": {
              "demotag": "refresh",
              "env": "k8s-dev"
            },
            "timeouts": null
          },
          "sensitive_attributes": [],
          "private": "eyJlMmJmYjczMC1lY2FhLTExZTYtOGY4OC0zNDM2M2JjN2M0YzAiOnsiY3JlYXRlIjo1NDAwMDAwMDAwMDAwLCJkZWxldGUiOjU0MDAwMDAwMDAwMDAsInJlYWQiOjMwMDAwMDAwMDAwMCwidXBkYXRlIjo1NDAwMDAwMDAwMDAwfX0="
        }
      ]
    }
  ],
  "check_results": null
}
